
Microsoft Visual Studio Solution File, Format Version 12.00
# Visual Studio Version 17
VisualStudioVersion = 17.2.32630.192
MinimumVisualStudioVersion = 10.0.40219.1
Project("{FAE04EC0-301F-11D3-BF4B-00C04F79EFBC}") = "Classe csharp", "Classe csharp\Classe csharp.csproj", "{07B0942C-5596-4037-94F3-607ECDC3E77D}"
EndProject
Global
	GlobalSection(SolutionConfigurationPlatforms) = preSolution
		Debug|Any CPU = Debug|Any CPU
		Release|Any CPU = Release|Any CPU
	EndGlobalSection
	GlobalSection(ProjectConfigurationPlatforms) = postSolution
		{07B0942C-5596-4037-94F3-607ECDC3E77D}.Debug|Any CPU.ActiveCfg = Debug|Any CPU
		{07B0942C-5596-4037-94F3-607ECDC3E77D}.Debug|Any CPU.Build.0 = Debug|Any CPU
		{07B0942C-5596-4037-94F3-607ECDC3E77D}.Release|Any CPU.ActiveCfg = Release|Any CPU
		{07B0942C-5596-4037-94F3-607ECDC3E77D}.Release|Any CPU.Build.0 = Release|Any CPU
	EndGlobalSection
	GlobalSection(SolutionProperties) = preSolution
		HideSolutionNode = FALSE
	EndGlobalSection
	GlobalSection(ExtensibilityGlobals) = postSolution
		SolutionGuid = {FFBF306C-F201-467A-8D28-D0C1981A73B0}
	EndGlobalSection
EndGlobal
